// !$*UTF8*$!
{
	archiveVersion = 1;
	classes = {
	};
	objectVersion = 46;
	objects = {

/* Begin PBXBuildFile section */
		C948481F1DA00B3200F1F68E /* AppDelegate.swift in Sources */ = {isa = PBXBuildFile; fileRef = C948481E1DA00B3200F1F68E /* AppDelegate.swift */; };
		C94848211DA00B3200F1F68E /* ViewController.swift in Sources */ = {isa = PBXBuildFile; fileRef = C94848201DA00B3200F1F68E /* ViewController.swift */; };
		C94848241DA00B3200F1F68E /* Main.storyboard in Resources */ = {isa = PBXBuildFile; fileRef = C94848221DA00B3200F1F68E /* Main.storyboard */; };
		C94848261DA00B3200F1F68E /* Assets.xcassets in Resources */ = {isa = PBXBuildFile; fileRef = C94848251DA00B3200F1F68E /* Assets.xcassets */; };
		C94848291DA00B3200F1F68E /* LaunchScreen.storyboard in Resources */ = {isa = PBXBuildFile; fileRef = C94848271DA00B3200F1F68E /* LaunchScreen.storyboard */; };
		C94848341DA00B3200F1F68E /* FizzBuzzTests.swift in Sources */ = {isa = PBXBuildFile; fileRef = C94848331DA00B3200F1F68E /* FizzBuzzTests.swift */; };
		C948483F1DA00B3200F1F68E /* FizzBuzzUITests.swift in Sources */ = {isa = PBXBuildFile; fileRef = C948483E1DA00B3200F1F68E /* FizzBuzzUITests.swift */; };
/* End PBXBuildFile section */

/* Begin PBXContainerItemProxy section */
		C94848301DA00B3200F1F68E /* PBXContainerItemProxy */ = {
			isa = PBXContainerItemProxy;
			containerPortal = C94848131DA00B3200F1F68E /* Project object */;
			proxyType = 1;
			remoteGlobalIDString = C948481A1DA00B3200F1F68E;
			remoteInfo = FizzBuzz;
		};
		C948483B1DA00B3200F1F68E /* PBXContainerItemProxy */ = {
			isa = PBXContainerItemProxy;
			containerPortal = C94848131DA00B3200F1F68E /* Project object */;
			proxyType = 1;
			remoteGlobalIDString = C948481A1DA00B3200F1F68E;
			remoteInfo = FizzBuzz;
		};
/* End PBXContainerItemProxy section */

/* Begin PBXFileReference section */
		C948481B1DA00B3200F1F68E /* FizzBuzz.app */ = {isa = PBXFileReference; explicitFileType = wrapper.application; includeInIndex = 0; path = FizzBuzz.app; sourceTree = BUILT_PRODUCTS_DIR; };
		C948481E1DA00B3200F1F68E /* AppDelegate.swift */ = {isa = PBXFileReference; lastKnownFileType = sourcecode.swift; path = AppDelegate.swift; sourceTree = "<group>"; };
		C94848201DA00B3200F1F68E /* ViewController.swift */ = {isa = PBXFileReference; lastKnownFileType = sourcecode.swift; path = ViewController.swift; sourceTree = "<group>"; };
		C94848231DA00B3200F1F68E /* Base */ = {isa = PBXFileReference; lastKnownFileType = file.storyboard; name = Base; path = Base.lproj/Main.storyboard; sourceTree = "<group>"; };
		C94848251DA00B3200F1F68E /* Assets.xcassets */ = {isa = PBXFileReference; lastKnownFileType = folder.assetcatalog; path = Assets.xcassets; sourceTree = "<group>"; };
		C94848281DA00B3200F1F68E /* Base */ = {isa = PBXFileReference; lastKnownFileType = file.storyboard; name = Base; path = Base.lproj/LaunchScreen.storyboard; sourceTree = "<group>"; };
		C948482A1DA00B3200F1F68E /* Info.plist */ = {isa = PBXFileReference; lastKnownFileType = text.plist.xml; path = Info.plist; sourceTree = "<group>"; };
		C948482F1DA00B3200F1F68E /* FizzBuzzTests.xctest */ = {isa = PBXFileReference; explicitFileType = wrapper.cfbundle; includeInIndex = 0; path = FizzBuzzTests.xctest; sourceTree = BUILT_PRODUCTS_DIR; };
		C94848331DA00B3200F1F68E /* FizzBuzzTests.swift */ = {isa = PBXFileReference; lastKnownFileType = sourcecode.swift; path = FizzBuzzTests.swift; sourceTree = "<group>"; };
		C94848351DA00B3200F1F68E /* Info.plist */ = {isa = PBXFileReference; lastKnownFileType = text.plist.xml; path = Info.plist; sourceTree = "<group>"; };
		C948483A1DA00B3200F1F68E /* FizzBuzzUITests.xctest */ = {isa = PBXFileReference; explicitFileType = wrapper.cfbundle; includeInIndex = 0; path = FizzBuzzUITests.xctest; sourceTree = BUILT_PRODUCTS_DIR; };
		C948483E1DA00B3200F1F68E /* FizzBuzzUITests.swift */ = {isa = PBXFileReference; lastKnownFileType = sourcecode.swift; path = FizzBuzzUITests.swift; sourceTree = "<group>"; };
		C94848401DA00B3200F1F68E /* Info.plist */ = {isa = PBXFileReference; lastKnownFileType = text.plist.xml; path = Info.plist; sourceTree = "<group>"; };
/* End PBXFileReference section */

/* Begin PBXFrameworksBuildPhase section */
		C94848181DA00B3200F1F68E /* Frameworks */ = {
			isa = PBXFrameworksBuildPhase;
			buildActionMask = 2147483647;
			files = (
			);
			runOnlyForDeploymentPostprocessing = 0;
		};
		C948482C1DA00B3200F1F68E /* Frameworks */ = {
			isa = PBXFrameworksBuildPhase;
			buildActionMask = 2147483647;
			files = (
			);
			runOnlyForDeploymentPostprocessing = 0;
		};
		C94848371DA00B3200F1F68E /* Frameworks */ = {
			isa = PBXFrameworksBuildPhase;
			buildActionMask = 2147483647;
			files = (
			);
			runOnlyForDeploymentPostprocessing = 0;
		};
/* End PBXFrameworksBuildPhase section */

/* Begin PBXGroup section */
		C94848121DA00B3200F1F68E = {
			isa = PBXGroup;
			children = (
				C948481D1DA00B3200F1F68E /* FizzBuzz */,
				C94848321DA00B3200F1F68E /* FizzBuzzTests */,
				C948483D1DA00B3200F1F68E /* FizzBuzzUITests */,
				C948481C1DA00B3200F1F68E /* Products */,
			);
			sourceTree = "<group>";
		};
		C948481C1DA00B3200F1F68E /* Products */ = {
			isa = PBXGroup;
			children = (
				C948481B1DA00B3200F1F68E /* FizzBuzz.app */,
				C948482F1DA00B3200F1F68E /* FizzBuzzTests.xctest */,
				C948483A1DA00B3200F1F68E /* FizzBuzzUITests.xctest */,
			);
			name = Products;
			sourceTree = "<group>";
		};
		C948481D1DA00B3200F1F68E /* FizzBuzz */ = {
			isa = PBXGroup;
			children = (
				C948481E1DA00B3200F1F68E /* AppDelegate.swift */,
				C94848201DA00B3200F1F68E /* ViewController.swift */,
				C94848221DA00B3200F1F68E /* Main.storyboard */,
				C94848251DA00B3200F1F68E /* Assets.xcassets */,
				C94848271DA00B3200F1F68E /* LaunchScreen.storyboard */,
				C948482A1DA00B3200F1F68E /* Info.plist */,
			);
			path = FizzBuzz;
			sourceTree = "<group>";
		};
		C94848321DA00B3200F1F68E /* FizzBuzzTests */ = {
			isa = PBXGroup;
			children = (
				C94848331DA00B3200F1F68E /* FizzBuzzTests.swift */,
				C94848351DA00B3200F1F68E /* Info.plist */,
			);
			path = FizzBuzzTests;
			sourceTree = "<group>";
		};
		C948483D1DA00B3200F1F68E /* FizzBuzzUITests */ = {
			isa = PBXGroup;
			children = (
				C948483E1DA00B3200F1F68E /* FizzBuzzUITests.swift */,
				C94848401DA00B3200F1F68E /* Info.plist */,
			);
			path = FizzBuzzUITests;
			sourceTree = "<group>";
		};
/* End PBXGroup section */

/* Begin PBXNativeTarget section */
		C948481A1DA00B3200F1F68E /* FizzBuzz */ = {
			isa = PBXNativeTarget;
			buildConfigurationList = C94848431DA00B3200F1F68E /* Build configuration list for PBXNativeTarget "FizzBuzz" */;
			buildPhases = (
				C94848171DA00B3200F1F68E /* Sources */,
				C94848181DA00B3200F1F68E /* Frameworks */,
				C94848191DA00B3200F1F68E /* Resources */,
			);
			buildRules = (
			);
			dependencies = (
			);
			name = FizzBuzz;
			productName = FizzBuzz;
			productReference = C948481B1DA00B3200F1F68E /* FizzBuzz.app */;
			productType = "com.apple.product-type.application";
		};
		C948482E1DA00B3200F1F68E /* FizzBuzzTests */ = {
			isa = PBXNativeTarget;
			buildConfigurationList = C94848461DA00B3200F1F68E /* Build configuration list for PBXNativeTarget "FizzBuzzTests" */;
			buildPhases = (
				C948482B1DA00B3200F1F68E /* Sources */,
				C948482C1DA00B3200F1F68E /* Frameworks */,
				C948482D1DA00B3200F1F68E /* Resources */,
			);
			buildRules = (
			);
			dependencies = (
				C94848311DA00B3200F1F68E /* PBXTargetDependency */,
			);
			name = FizzBuzzTests;
			productName = FizzBuzzTests;
			productReference = C948482F1DA00B3200F1F68E /* FizzBuzzTests.xctest */;
			productType = "com.apple.product-type.bundle.unit-test";
		};
		C94848391DA00B3200F1F68E /* FizzBuzzUITests */ = {
			isa = PBXNativeTarget;
			buildConfigurationList = C94848491DA00B3200F1F68E /* Build configuration list for PBXNativeTarget "FizzBuzzUITests" */;
			buildPhases = (
				C94848361DA00B3200F1F68E /* Sources */,
				C94848371DA00B3200F1F68E /* Frameworks */,
				C94848381DA00B3200F1F68E /* Resources */,
			);
			buildRules = (
			);
			dependencies = (
				C948483C1DA00B3200F1F68E /* PBXTargetDependency */,
			);
			name = FizzBuzzUITests;
			productName = FizzBuzzUITests;
			productReference = C948483A1DA00B3200F1F68E /* FizzBuzzUITests.xctest */;
			productType = "com.apple.product-type.bundle.ui-testing";
		};
/* End PBXNativeTarget section */

/* Begin PBXProject section */
		C94848131DA00B3200F1F68E /* Project object */ = {
			isa = PBXProject;
			attributes = {
				LastSwiftUpdateCheck = 0720;
				LastUpgradeCheck = 0720;
				ORGANIZATIONNAME = eebasadre.co;
				TargetAttributes = {
					C948481A1DA00B3200F1F68E = {
						CreatedOnToolsVersion = 7.2.1;
					};
					C948482E1DA00B3200F1F68E = {
						CreatedOnToolsVersion = 7.2.1;
						TestTargetID = C948481A1DA00B3200F1F68E;
					};
					C94848391DA00B3200F1F68E = {
						CreatedOnToolsVersion = 7.2.1;
						TestTargetID = C948481A1DA00B3200F1F68E;
					};
				};
			};
			buildConfigurationList = C94848161DA00B3200F1F68E /* Build configuration list for PBXProject "FizzBuzz" */;
			compatibilityVersion = "Xcode 3.2";
			developmentRegion = English;
			hasScannedForEncodings = 0;
			knownRegions = (
				en,
				Base,
			);
			mainGroup = C94848121DA00B3200F1F68E;
			productRefGroup = C948481C1DA00B3200F1F68E /* Products */;
			projectDirPath = "";
			projectRoot = "";
			targets = (
				C948481A1DA00B3200F1F68E /* FizzBuzz */,
				C948482E1DA00B3200F1F68E /* FizzBuzzTests */,
				C94848391DA00B3200F1F68E /* FizzBuzzUITests */,
			);
		};
/* End PBXProject section */

/* Begin PBXResourcesBuildPhase section */
		C94848191DA00B3200F1F68E /* Resources */ = {
			isa = PBXResourcesBuildPhase;
			buildActionMask = 2147483647;
			files = (
				C94848291DA00B3200F1F68E /* LaunchScreen.storyboard in Resources */,
				C94848261DA00B3200F1F68E /* Assets.xcassets in Resources */,
				C94848241DA00B3200F1F68E /* Main.storyboard in Resources */,
			);
			runOnlyForDeploymentPostprocessing = 0;
		};
		C948482D1DA00B3200F1F68E /* Resources */ = {
			isa = PBXResourcesBuildPhase;
			buildActionMask = 2147483647;
			files = (
			);
			runOnlyForDeploymentPostprocessing = 0;
		};
		C94848381DA00B3200F1F68E /* Resources */ = {
			isa = PBXResourcesBuildPhase;
			buildActionMask = 2147483647;
			files = (
			);
			runOnlyForDeploymentPostprocessing = 0;
		};
/* End PBXResourcesBuildPhase section */

/* Begin PBXSourcesBuildPhase section */
		C94848171DA00B3200F1F68E /* Sources */ = {
			isa = PBXSourcesBuildPhase;
			buildActionMask = 2147483647;
			files = (
				C94848211DA00B3200F1F68E /* ViewController.swift in Sources */,
				C948481F1DA00B3200F1F68E /* AppDelegate.swift in Sources */,
			);
			runOnlyForDeploymentPostprocessing = 0;
		};
		C948482B1DA00B3200F1F68E /* Sources */ = {
			isa = PBXSourcesBuildPhase;
			buildActionMask = 2147483647;
			files = (
				C94848341DA00B3200F1F68E /* FizzBuzzTests.swift in Sources */,
			);
			runOnlyForDeploymentPostprocessing = 0;
		};
		C94848361DA00B3200F1F68E /* Sources */ = {
			isa = PBXSourcesBuildPhase;
			buildActionMask = 2147483647;
			files = (
				C948483F1DA00B3200F1F68E /* FizzBuzzUITests.swift in Sources */,
			);
			runOnlyForDeploymentPostprocessing = 0;
		};
/* End PBXSourcesBuildPhase section */

/* Begin PBXTargetDependency section */
		C94848311DA00B3200F1F68E /* PBXTargetDependency */ = {
			isa = PBXTargetDependency;
			target = C948481A1DA00B3200F1F68E /* FizzBuzz */;
			targetProxy = C94848301DA00B3200F1F68E /* PBXContainerItemProxy */;
		};
		C948483C1DA00B3200F1F68E /* PBXTargetDependency */ = {
			isa = PBXTargetDependency;
			target = C948481A1DA00B3200F1F68E /* FizzBuzz */;
			targetProxy = C948483B1DA00B3200F1F68E /* PBXContainerItemProxy */;
		};
/* End PBXTargetDependency section */

/* Begin PBXVariantGroup section */
		C94848221DA00B3200F1F68E /* Main.storyboard */ = {
			isa = PBXVariantGroup;
			children = (
				C94848231DA00B3200F1F68E /* Base */,
			);
			name = Main.storyboard;
			sourceTree = "<group>";
		};
		C94848271DA00B3200F1F68E /* LaunchScreen.storyboard */ = {
			isa = PBXVariantGroup;
			children = (
				C94848281DA00B3200F1F68E /* Base */,
			);
			name = LaunchScreen.storyboard;
			sourceTree = "<group>";
		};
/* End PBXVariantGroup section */

/* Begin XCBuildConfiguration section */
		C94848411DA00B3200F1F68E /* Debug */ = {
			isa = XCBuildConfiguration;
			buildSettings = {
				ALWAYS_SEARCH_USER_PATHS = NO;
				CLANG_CXX_LANGUAGE_STANDARD = "gnu++0x";
				CLANG_CXX_LIBRARY = "libc++";
				CLANG_ENABLE_MODULES = YES;
				CLANG_ENABLE_OBJC_ARC = YES;
				CLANG_WARN_BOOL_CONVERSION = YES;
				CLANG_WARN_CONSTANT_CONVERSION = YES;
				CLANG_WARN_DIRECT_OBJC_ISA_USAGE = YES_ERROR;
				CLANG_WARN_EMPTY_BODY = YES;
				CLANG_WARN_ENUM_CONVERSION = YES;
				CLANG_WARN_INT_CONVERSION = YES;
				CLANG_WARN_OBJC_ROOT_CLASS = YES_ERROR;
				CLANG_WARN_UNREACHABLE_CODE = YES;
				CLANG_WARN__DUPLICATE_METHOD_MATCH = YES;
				"CODE_SIGN_IDENTITY[sdk=iphoneos*]" = "iPhone Developer";
				COPY_PHASE_STRIP = NO;
				DEBUG_INFORMATION_FORMAT = dwarf;
				ENABLE_STRICT_OBJC_MSGSEND = YES;
				ENABLE_TESTABILITY = YES;
				GCC_C_LANGUAGE_STANDARD = gnu99;
				GCC_DYNAMIC_NO_PIC = NO;
				GCC_NO_COMMON_BLOCKS = YES;
				GCC_OPTIMIZATION_LEVEL = 0;
				GCC_PREPROCESSOR_DEFINITIONS = (
					"DEBUG=1",
					"$(inherited)",
				);
				GCC_WARN_64_TO_32_BIT_CONVERSION = YES;
				GCC_WARN_ABOUT_RETURN_TYPE = YES_ERROR;
				GCC_WARN_UNDECLARED_SELECTOR = YES;
				GCC_WARN_UNINITIALIZED_AUTOS = YES_AGGRESSIVE;
				GCC_WARN_UNUSED_FUNCTION = YES;
				GCC_WARN_UNUSED_VARIABLE = YES;
				IPHONEOS_DEPLOYMENT_TARGET = 9.2;
				MTL_ENABLE_DEBUG_INFO = YES;
				ONLY_ACTIVE_ARCH = YES;
				SDKROOT = iphoneos;
				SWIFT_OPTIMIZATION_LEVEL = "-Onone";
				TARGETED_DEVICE_FAMILY = "1,2";
			};
			name = Debug;
		};
		C94848421DA00B3200F1F68E /* Release */ = {
			isa = XCBuildConfiguration;
			buildSettings = {
				ALWAYS_SEARCH_USER_PATHS = NO;
				CLANG_CXX_LANGUAGE_STANDARD = "gnu++0x";
				CLANG_CXX_LIBRARY = "libc++";
				CLANG_ENABLE_MODULES = YES;
				CLANG_ENABLE_OBJC_ARC = YES;
				CLANG_WARN_BOOL_CONVERSION = YES;
				CLANG_WARN_CONSTANT_CONVERSION = YES;
				CLANG_WARN_DIRECT_OBJC_ISA_USAGE = YES_ERROR;
				CLANG_WARN_EMPTY_BODY = YES;
				CLANG_WARN_ENUM_CONVERSION = YES;
				CLANG_WARN_INT_CONVERSION = YES;
				CLANG_WARN_OBJC_ROOT_CLASS = YES_ERROR;
				CLANG_WARN_UNREACHABLE_CODE = YES;
				CLANG_WARN__DUPLICATE_METHOD_MATCH = YES;
				"CODE_SIGN_IDENTITY[sdk=iphoneos*]" = "iPhone Developer";
				COPY_PHASE_STRIP = NO;
				DEBUG_INFORMATION_FORMAT = "dwarf-with-dsym";
				ENABLE_NS_ASSERTIONS = NO;
				ENABLE_STRICT_OBJC_MSGSEND = YES;
				GCC_C_LANGUAGE_STANDARD = gnu99;
				GCC_NO_COMMON_BLOCKS = YES;
				GCC_WARN_64_TO_32_BIT_CONVERSION = YES;
				GCC_WARN_ABOUT_RETURN_TYPE = YES_ERROR;
				GCC_WARN_UNDECLARED_SELECTOR = YES;
				GCC_WARN_UNINITIALIZED_AUTOS = YES_AGGRESSIVE;
				GCC_WARN_UNUSED_FUNCTION = YES;
				GCC_WARN_UNUSED_VARIABLE = YES;
				IPHONEOS_DEPLOYMENT_TARGET = 9.2;
				MTL_ENABLE_DEBUG_INFO = NO;
				SDKROOT = iphoneos;
				TARGETED_DEVICE_FAMILY = "1,2";
				VALIDATE_PRODUCT = YES;
			};
			name = Release;
		};
		C94848441DA00B3200F1F68E /* Debug */ = {
			isa = XCBuildConfiguration;
			buildSettings = {
				ASSETCATALOG_COMPILER_APPICON_NAME = AppIcon;
				INFOPLIST_FILE = FizzBuzz/Info.plist;
				LD_RUNPATH_SEARCH_PATHS = "$(inherited) @executable_path/Frameworks";
				PRODUCT_BUNDLE_IDENTIFIER = com.eebasadre.swift.FizzBuzz;
				PRODUCT_NAME = "$(TARGET_NAME)";
			};
			name = Debug;
		};
		C94848451DA00B3200F1F68E /* Release */ = {
			isa = XCBuildConfiguration;
			buildSettings = {
				ASSETCATALOG_COMPILER_APPICON_NAME = AppIcon;
				INFOPLIST_FILE = FizzBuzz/Info.plist;
				LD_RUNPATH_SEARCH_PATHS = "$(inherited) @executable_path/Frameworks";
				PRODUCT_BUNDLE_IDENTIFIER = com.eebasadre.swift.FizzBuzz;
				PRODUCT_NAME = "$(TARGET_NAME)";
			};
			name = Release;
		};
		C94848471DA00B3200F1F68E /* Debug */ = {
			isa = XCBuildConfiguration;
			buildSettings = {
				BUNDLE_LOADER = "$(TEST_HOST)";
				INFOPLIST_FILE = FizzBuzzTests/Info.plist;
				LD_RUNPATH_SEARCH_PATHS = "$(inherited) @executable_path/Frameworks @loader_path/Frameworks";
				PRODUCT_BUNDLE_IDENTIFIER = com.eebasadre.swift.FizzBuzzTests;
				PRODUCT_NAME = "$(TARGET_NAME)";
				TEST_HOST = "$(BUILT_PRODUCTS_DIR)/FizzBuzz.app/FizzBuzz";
			};
			name = Debug;
		};
		C94848481DA00B3200F1F68E /* Release */ = {
			isa = XCBuildConfiguration;
			buildSettings = {
				BUNDLE_LOADER = "$(TEST_HOST)";
				INFOPLIST_FILE = FizzBuzzTests/Info.plist;
				LD_RUNPATH_SEARCH_PATHS = "$(inherited) @executable_path/Frameworks @loader_path/Frameworks";
				PRODUCT_BUNDLE_IDENTIFIER = com.eebasadre.swift.FizzBuzzTests;
				PRODUCT_NAME = "$(TARGET_NAME)";
				TEST_HOST = "$(BUILT_PRODUCTS_DIR)/FizzBuzz.app/FizzBuzz";
			};
			name = Release;
		};
		C948484A1DA00B3200F1F68E /* Debug */ = {
			isa = XCBuildConfiguration;
			buildSettings = {
				INFOPLIST_FILE = FizzBuzzUITests/Info.plist;
				LD_RUNPATH_SEARCH_PATHS = "$(inherited) @executable_path/Frameworks @loader_path/Frameworks";
				PRODUCT_BUNDLE_IDENTIFIER = com.eebasadre.swift.FizzBuzzUITests;
				PRODUCT_NAME = "$(TARGET_NAME)";
				TEST_TARGET_NAME = FizzBuzz;
				USES_XCTRUNNER = YES;
			};
			name = Debug;
		};
		C948484B1DA00B3200F1F68E /* Release */ = {
			isa = XCBuildConfiguration;
			buildSettings = {
				INFOPLIST_FILE = FizzBuzzUITests/Info.plist;
				LD_RUNPATH_SEARCH_PATHS = "$(inherited) @executable_path/Frameworks @loader_path/Frameworks";
				PRODUCT_BUNDLE_IDENTIFIER = com.eebasadre.swift.FizzBuzzUITests;
				PRODUCT_NAME = "$(TARGET_NAME)";
				TEST_TARGET_NAME = FizzBuzz;
				USES_XCTRUNNER = YES;
			};
			name = Release;
		};
/* End XCBuildConfiguration section */

/* Begin XCConfigurationList section */
		C94848161DA00B3200F1F68E /* Build configuration list for PBXProject "FizzBuzz" */ = {
			isa = XCConfigurationList;
			buildConfigurations = (
				C94848411DA00B3200F1F68E /* Debug */,
				C94848421DA00B3200F1F68E /* Release */,
			);
			defaultConfigurationIsVisible = 0;
			defaultConfigurationName = Release;
		};
		C94848431DA00B3200F1F68E /* Build configuration list for PBXNativeTarget "FizzBuzz" */ = {
			isa = XCConfigurationList;
			buildConfigurations = (
				C94848441DA00B3200F1F68E /* Debug */,
				C94848451DA00B3200F1F68E /* Release */,
			);
			defaultConfigurationIsVisible = 0;
		};
		C94848461DA00B3200F1F68E /* Build configuration list for PBXNativeTarget "FizzBuzzTests" */ = {
			isa = XCConfigurationList;
			buildConfigurations = (
				C94848471DA00B3200F1F68E /* Debug */,
				C94848481DA00B3200F1F68E /* Release */,
			);
			defaultConfigurationIsVisible = 0;
		};
		C94848491DA00B3200F1F68E /* Build configuration list for PBXNativeTarget "FizzBuzzUITests" */ = {
			isa = XCConfigurationList;
			buildConfigurations = (
				C948484A1DA00B3200F1F68E /* Debug */,
				C948484B1DA00B3200F1F68E /* Release */,
			);
			defaultConfigurationIsVisible = 0;
		};
/* End XCConfigurationList section */
	};
	rootObject = C94848131DA00B3200F1F68E /* Project object */;
}
